{
  "name": "PkmnDeckAnalyser",
  "lockfileVersion": 3,
  "requires": true,
  "packages": {
    "": {
      "dependencies": {
        "@tcgdex/sdk": "^2.7.1",
        "chart.js": "^4.5.1"
      }
    },
    "node_modules/@cachex/core": {
      "version": "1.0.1",
      "resolved": "https://registry.npmjs.org/@cachex/core/-/core-1.0.1.tgz",
      "integrity": "sha512-sHynwjF9hKIvwg8rTUdvA7MOUMcUC5Mq0dpynPBILRS+IPvsHcE4Cb2uRSs0/I2nxO7NQp9p+xHYistdfJJSwg==",
      "license": "MIT",
      "dependencies": {
        "@dzeio/object-util": "^1.8.3"
      }
    },
    "node_modules/@cachex/memory": {
      "version": "1.0.1",
      "resolved": "https://registry.npmjs.org/@cachex/memory/-/memory-1.0.1.tgz",
      "integrity": "sha512-KWUTdCCXhIlAkJaVZMhUh9kD0uq8PxC3Z34Q3lMGZOAV6FXP/cOMW89ALrWX3VkoRrrM4R6MIMO+amZNOvEqgw==",
      "license": "MIT",
      "dependencies": {
        "@cachex/core": "^1"
      }
    },
    "node_modules/@cachex/web-storage": {
      "version": "1.0.1",
      "resolved": "https://registry.npmjs.org/@cachex/web-storage/-/web-storage-1.0.1.tgz",
      "integrity": "sha512-E8Xa9qDZgNgr+lcj3eixowg7PH2CVZbp3huuoc5xVVTtwYrZi5YqbHBG12yG3r6C6Fts/2Yoq6cbVBSm6c8VRA==",
      "license": "MIT",
      "dependencies": {
        "@cachex/core": "^1"
      }
    },
    "node_modules/@dzeio/object-util": {
      "version": "1.9.2",
      "resolved": "https://registry.npmjs.org/@dzeio/object-util/-/object-util-1.9.2.tgz",
      "integrity": "sha512-L3EBaHnDmf/+LAC61eCgWzcGXjbaOoFB4ml3eeOFxKlVlO6IZ2BpdstoqgAfLNKqdy4Ixp7TlP5z4ohdPxfSLg==",
      "license": "MIT"
    },
    "node_modules/@kurkle/color": {
      "version": "0.3.4",
      "resolved": "https://registry.npmjs.org/@kurkle/color/-/color-0.3.4.tgz",
      "integrity": "sha512-M5UknZPHRu3DEDWoipU6sE8PdkZ6Z/S+v4dD+Ke8IaNlpdSQah50lz1KtcFBa2vsdOnwbbnxJwVM4wty6udA5w==",
      "license": "MIT"
    },
    "node_modules/@tcgdex/sdk": {
      "version": "2.7.1",
      "resolved": "https://registry.npmjs.org/@tcgdex/sdk/-/sdk-2.7.1.tgz",
      "integrity": "sha512-wPXdCLLQ0pLcJvvKaZFllhO4cagSsnWeWyzjtZKknySKpSTLwazKxzXW7IpsdEi1+IGIOhNYa51ZDOOGT7KVfw==",
      "license": "MIT",
      "dependencies": {
        "@cachex/memory": "^1",
        "@cachex/web-storage": "^1",
        "@dzeio/object-util": "^1"
      },
      "engines": {
        "node": ">=18"
      }
    },
    "node_modules/chart.js": {
      "version": "4.5.1",
      "resolved": "https://registry.npmjs.org/chart.js/-/chart.js-4.5.1.tgz",
      "integrity": "sha512-GIjfiT9dbmHRiYi6Nl2yFCq7kkwdkp1W/lp2J99rX0yo9tgJGn3lKQATztIjb5tVtevcBtIdICNWqlq5+E8/Pw==",
      "license": "MIT",
      "dependencies": {
        "@kurkle/color": "^0.3.0"
      },
      "engines": {
        "pnpm": ">=8"
      }
    }
  }
}
